<?xml version="1.0" encoding="utf-8"?>
<Project ToolsVersion="4.0" xmlns="http://schemas.microsoft.com/developer/msbuild/2003">
  <ItemGroup>
    <ClCompile Include="..\src\creatwth.cpp" />
    <ClCompile Include="..\src\detours.cpp" />
    <ClCompile Include="..\src\disasm.cpp" />
    <ClCompile Include="..\src\disolarm.cpp" />
    <ClCompile Include="..\src\disolarm64.cpp" />
    <ClCompile Include="..\src\disolia64.cpp" />
    <ClCompile Include="..\src\disolx64.cpp" />
    <ClCompile Include="..\src\disolx86.cpp" />
    <ClCompile Include="..\src\image.cpp" />
    <ClCompile Include="..\src\modules.cpp" />
  </ItemGroup>
  <ItemGroup>
    <ClInclude Include="..\include\detours.h" />
    <ClInclude Include="..\include\detver.h" />
  </ItemGroup>
</Project>