
Microsoft Visual Studio Solution File, Format Version 12.00
# Visual Studio Version 16
VisualStudioVersion = 16.0.28803.352
MinimumVisualStudioVersion = 10.0.40219.1
Project("{8BC9CEB8-8B4A-11D0-8D11-00A0C91BC942}") = "CoreLib", "core\msvc\CoreLib.vcxproj", "{7E3AA4A7-856D-4211-9FA0-3292037CB11E}"
EndProject
Project("{8BC9CEB8-8B4A-11D0-8D11-00A0C91BC942}") = "Detours", "detours\msvc\Detours.vcxproj", "{F9B352B3-B642-4E3F-9CFF-EA2FC8CB5B12}"
EndProject
Project("{8BC9CEB8-8B4A-11D0-8D11-00A0C91BC942}") = "MrCamClient", "mrcam_client\msvc\MrCamClient.vcxproj", "{9CC3FFCB-6834-43BA-A3C5-8F4C8BED8363}"
EndProject
Project("{8BC9CEB8-8B4A-11D0-8D11-00A0C91BC942}") = "Protocols", "protocols\msvc\Protocols.vcxproj", "{EE88B3F5-85E0-459C-84F4-920345EE8C90}"
EndProject
Project("{FAE04EC0-301F-11D3-BF4B-00C04F79EFBC}") = "XRmonitorsInstaller", "XRmonitorsSetup\XRmonitorsInstaller\XRmonitorsInstaller.csproj", "{2FD30540-E375-4955-AD49-38C10B3EBCF1}"
EndProject
Project("{FAE04EC0-301F-11D3-BF4B-00C04F79EFBC}") = "XRmonitorsSetup", "XRmonitorsSetup\XRmonitorsSetup\XRmonitorsSetup.csproj", "{046D5CD7-AE51-4B52-9127-C832596DC102}"
	ProjectSection(ProjectDependencies) = postProject
		{F5627A09-BB7F-4CEB-B178-66762F92773A} = {F5627A09-BB7F-4CEB-B178-66762F92773A}
		{2FD30540-E375-4955-AD49-38C10B3EBCF1} = {2FD30540-E375-4955-AD49-38C10B3EBCF1}
		{1F3DC854-44AE-4AC3-A38B-C9818149AEA7} = {1F3DC854-44AE-4AC3-A38B-C9818149AEA7}
		{C744BD74-27D4-4E59-83C8-DAF16B9CB7E1} = {C744BD74-27D4-4E59-83C8-DAF16B9CB7E1}
		{7E3AA4A7-856D-4211-9FA0-3292037CB11E} = {7E3AA4A7-856D-4211-9FA0-3292037CB11E}
		{F9B352B3-B642-4E3F-9CFF-EA2FC8CB5B12} = {F9B352B3-B642-4E3F-9CFF-EA2FC8CB5B12}
		{9CC3FFCB-6834-43BA-A3C5-8F4C8BED8363} = {9CC3FFCB-6834-43BA-A3C5-8F4C8BED8363}
		{E51B54E4-7566-4BAF-BCCA-0CC87B60F8AF} = {E51B54E4-7566-4BAF-BCCA-0CC87B60F8AF}
		{E0B52AE7-E160-4D32-BF3F-910B785E5A8E} = {E0B52AE7-E160-4D32-BF3F-910B785E5A8E}
		{EE88B3F5-85E0-459C-84F4-920345EE8C90} = {EE88B3F5-85E0-459C-84F4-920345EE8C90}
		{49B88FFA-F02C-4709-BA65-9F8996444ECD} = {49B88FFA-F02C-4709-BA65-9F8996444ECD}
		{293012FF-C975-4714-9C97-7D4BDD5B8A0A} = {293012FF-C975-4714-9C97-7D4BDD5B8A0A}
	EndProjectSection
EndProject
Project("{8BC9CEB8-8B4A-11D0-8D11-00A0C91BC942}") = "XRmonitorsService", "XRmonitorsService\msvc\MrCamService.vcxproj", "{293012FF-C975-4714-9C97-7D4BDD5B8A0A}"
EndProject
Project("{FAE04EC0-301F-11D3-BF4B-00C04F79EFBC}") = "XRmonitorsUI", "XRmonitorsUI\XRmonitorsUI\XRmonitorsUI.csproj", "{C744BD74-27D4-4E59-83C8-DAF16B9CB7E1}"
EndProject
Project("{FAE04EC0-301F-11D3-BF4B-00C04F79EFBC}") = "ToggleSwitch", "XRmonitorsUI\ToggleSwitch\ToggleSwitch.csproj", "{49B88FFA-F02C-4709-BA65-9F8996444ECD}"
EndProject
Project("{2150E333-8FDC-42A3-9474-1A3956D46DE8}") = "Service", "Service", "{FB37D3D9-1542-4AD6-B3E5-E8F594DB585F}"
EndProject
Project("{2150E333-8FDC-42A3-9474-1A3956D46DE8}") = "Tools", "Tools", "{22B36AD7-785B-4BB1-9385-ED8BBE552C2A}"
EndProject
Project("{2150E333-8FDC-42A3-9474-1A3956D46DE8}") = "GUI", "GUI", "{6688B067-1BE1-4908-9901-54A9CBFF7FC1}"
EndProject
Project("{2150E333-8FDC-42A3-9474-1A3956D46DE8}") = "Setup", "Setup", "{489E7472-461A-48FD-8FDC-0F8E78D405A6}"
EndProject
Project("{2150E333-8FDC-42A3-9474-1A3956D46DE8}") = "VR", "VR", "{04FC9FBB-8638-403F-8D1A-7B194833BF0E}"
EndProject
Project("{8BC9CEB8-8B4A-11D0-8D11-00A0C91BC942}") = "XRmonitorsCamera", "XRmonitorsCamera\msvc\XRmonitorsCamera.vcxproj", "{E51B54E4-7566-4BAF-BCCA-0CC87B60F8AF}"
EndProject
Project("{8BC9CEB8-8B4A-11D0-8D11-00A0C91BC942}") = "XRmonitorsHologram", "XRmonitorsHologram\XRmonitorsHologram.vcxproj", "{1F3DC854-44AE-4AC3-A38B-C9818149AEA7}"
EndProject
Project("{8BC9CEB8-8B4A-11D0-8D11-00A0C91BC942}") = "openxr_loader", "XRmonitorsHologram\MsXrLoader\openxr_loader_win32.vcxproj", "{F5627A09-BB7F-4CEB-B178-66762F92773A}"
EndProject
Project("{8BC9CEB8-8B4A-11D0-8D11-00A0C91BC942}") = "DirectXTK_Desktop_2019_Win10", "DirectXTK\DirectXTK_Desktop_2019_Win10.vcxproj", "{E0B52AE7-E160-4D32-BF3F-910B785E5A8E}"
EndProject
Global
	GlobalSection(SolutionConfigurationPlatforms) = preSolution
		Debug|x64 = Debug|x64
		Debug|x86 = Debug|x86
		Release|x64 = Release|x64
		Release|x86 = Release|x86
	EndGlobalSection
	GlobalSection(ProjectConfigurationPlatforms) = postSolution
		{7E3AA4A7-856D-4211-9FA0-3292037CB11E}.Debug|x64.ActiveCfg = DebugStatic|x64
		{7E3AA4A7-856D-4211-9FA0-3292037CB11E}.Debug|x64.Build.0 = DebugStatic|x64
		{7E3AA4A7-856D-4211-9FA0-3292037CB11E}.Debug|x86.ActiveCfg = Debug|Win32
		{7E3AA4A7-856D-4211-9FA0-3292037CB11E}.Debug|x86.Build.0 = Debug|Win32
		{7E3AA4A7-856D-4211-9FA0-3292037CB11E}.Release|x64.ActiveCfg = ReleaseStatic|x64
		{7E3AA4A7-856D-4211-9FA0-3292037CB11E}.Release|x64.Build.0 = ReleaseStatic|x64
		{7E3AA4A7-856D-4211-9FA0-3292037CB11E}.Release|x86.ActiveCfg = Release|Win32
		{7E3AA4A7-856D-4211-9FA0-3292037CB11E}.Release|x86.Build.0 = Release|Win32
		{F9B352B3-B642-4E3F-9CFF-EA2FC8CB5B12}.Debug|x64.ActiveCfg = DebugStatic|x64
		{F9B352B3-B642-4E3F-9CFF-EA2FC8CB5B12}.Debug|x64.Build.0 = DebugStatic|x64
		{F9B352B3-B642-4E3F-9CFF-EA2FC8CB5B12}.Debug|x86.ActiveCfg = Debug|Win32
		{F9B352B3-B642-4E3F-9CFF-EA2FC8CB5B12}.Debug|x86.Build.0 = Debug|Win32
		{F9B352B3-B642-4E3F-9CFF-EA2FC8CB5B12}.Release|x64.ActiveCfg = ReleaseStatic|x64
		{F9B352B3-B642-4E3F-9CFF-EA2FC8CB5B12}.Release|x64.Build.0 = ReleaseStatic|x64
		{F9B352B3-B642-4E3F-9CFF-EA2FC8CB5B12}.Release|x86.ActiveCfg = Release|Win32
		{F9B352B3-B642-4E3F-9CFF-EA2FC8CB5B12}.Release|x86.Build.0 = Release|Win32
		{9CC3FFCB-6834-43BA-A3C5-8F4C8BED8363}.Debug|x64.ActiveCfg = DebugStatic|x64
		{9CC3FFCB-6834-43BA-A3C5-8F4C8BED8363}.Debug|x64.Build.0 = DebugStatic|x64
		{9CC3FFCB-6834-43BA-A3C5-8F4C8BED8363}.Debug|x86.ActiveCfg = Debug|Win32
		{9CC3FFCB-6834-43BA-A3C5-8F4C8BED8363}.Debug|x86.Build.0 = Debug|Win32
		{9CC3FFCB-6834-43BA-A3C5-8F4C8BED8363}.Release|x64.ActiveCfg = ReleaseStatic|x64
		{9CC3FFCB-6834-43BA-A3C5-8F4C8BED8363}.Release|x64.Build.0 = ReleaseStatic|x64
		{9CC3FFCB-6834-43BA-A3C5-8F4C8BED8363}.Release|x86.ActiveCfg = Release|Win32
		{9CC3FFCB-6834-43BA-A3C5-8F4C8BED8363}.Release|x86.Build.0 = Release|Win32
		{EE88B3F5-85E0-459C-84F4-920345EE8C90}.Debug|x64.ActiveCfg = DebugStatic|x64
		{EE88B3F5-85E0-459C-84F4-920345EE8C90}.Debug|x64.Build.0 = DebugStatic|x64
		{EE88B3F5-85E0-459C-84F4-920345EE8C90}.Debug|x86.ActiveCfg = Debug|Win32
		{EE88B3F5-85E0-459C-84F4-920345EE8C90}.Debug|x86.Build.0 = Debug|Win32
		{EE88B3F5-85E0-459C-84F4-920345EE8C90}.Release|x64.ActiveCfg = ReleaseStatic|x64
		{EE88B3F5-85E0-459C-84F4-920345EE8C90}.Release|x64.Build.0 = ReleaseStatic|x64
		{EE88B3F5-85E0-459C-84F4-920345EE8C90}.Release|x86.ActiveCfg = Release|Win32
		{EE88B3F5-85E0-459C-84F4-920345EE8C90}.Release|x86.Build.0 = Release|Win32
		{2FD30540-E375-4955-AD49-38C10B3EBCF1}.Debug|x64.ActiveCfg = Debug|x64
		{2FD30540-E375-4955-AD49-38C10B3EBCF1}.Debug|x64.Build.0 = Debug|x64
		{2FD30540-E375-4955-AD49-38C10B3EBCF1}.Debug|x86.ActiveCfg = Debug|Any CPU
		{2FD30540-E375-4955-AD49-38C10B3EBCF1}.Debug|x86.Build.0 = Debug|Any CPU
		{2FD30540-E375-4955-AD49-38C10B3EBCF1}.Release|x64.ActiveCfg = Release|x64
		{2FD30540-E375-4955-AD49-38C10B3EBCF1}.Release|x64.Build.0 = Release|x64
		{2FD30540-E375-4955-AD49-38C10B3EBCF1}.Release|x86.ActiveCfg = Release|Any CPU
		{2FD30540-E375-4955-AD49-38C10B3EBCF1}.Release|x86.Build.0 = Release|Any CPU
		{046D5CD7-AE51-4B52-9127-C832596DC102}.Debug|x64.ActiveCfg = Debug|Any CPU
		{046D5CD7-AE51-4B52-9127-C832596DC102}.Debug|x64.Build.0 = Debug|Any CPU
		{046D5CD7-AE51-4B52-9127-C832596DC102}.Debug|x86.ActiveCfg = Debug|Any CPU
		{046D5CD7-AE51-4B52-9127-C832596DC102}.Debug|x86.Build.0 = Debug|Any CPU
		{046D5CD7-AE51-4B52-9127-C832596DC102}.Release|x64.ActiveCfg = Release|Any CPU
		{046D5CD7-AE51-4B52-9127-C832596DC102}.Release|x64.Build.0 = Release|Any CPU
		{046D5CD7-AE51-4B52-9127-C832596DC102}.Release|x86.ActiveCfg = Release|Any CPU
		{046D5CD7-AE51-4B52-9127-C832596DC102}.Release|x86.Build.0 = Release|Any CPU
		{293012FF-C975-4714-9C97-7D4BDD5B8A0A}.Debug|x64.ActiveCfg = Debug|x64
		{293012FF-C975-4714-9C97-7D4BDD5B8A0A}.Debug|x64.Build.0 = Debug|x64
		{293012FF-C975-4714-9C97-7D4BDD5B8A0A}.Debug|x86.ActiveCfg = Debug|Win32
		{293012FF-C975-4714-9C97-7D4BDD5B8A0A}.Debug|x86.Build.0 = Debug|Win32
		{293012FF-C975-4714-9C97-7D4BDD5B8A0A}.Release|x64.ActiveCfg = Release|x64
		{293012FF-C975-4714-9C97-7D4BDD5B8A0A}.Release|x64.Build.0 = Release|x64
		{293012FF-C975-4714-9C97-7D4BDD5B8A0A}.Release|x86.ActiveCfg = Release|Win32
		{293012FF-C975-4714-9C97-7D4BDD5B8A0A}.Release|x86.Build.0 = Release|Win32
		{C744BD74-27D4-4E59-83C8-DAF16B9CB7E1}.Debug|x64.ActiveCfg = Debug|x64
		{C744BD74-27D4-4E59-83C8-DAF16B9CB7E1}.Debug|x64.Build.0 = Debug|x64
		{C744BD74-27D4-4E59-83C8-DAF16B9CB7E1}.Debug|x86.ActiveCfg = Debug|Any CPU
		{C744BD74-27D4-4E59-83C8-DAF16B9CB7E1}.Debug|x86.Build.0 = Debug|Any CPU
		{C744BD74-27D4-4E59-83C8-DAF16B9CB7E1}.Release|x64.ActiveCfg = Release|x64
		{C744BD74-27D4-4E59-83C8-DAF16B9CB7E1}.Release|x64.Build.0 = Release|x64
		{C744BD74-27D4-4E59-83C8-DAF16B9CB7E1}.Release|x86.ActiveCfg = Release|Any CPU
		{C744BD74-27D4-4E59-83C8-DAF16B9CB7E1}.Release|x86.Build.0 = Release|Any CPU
		{49B88FFA-F02C-4709-BA65-9F8996444ECD}.Debug|x64.ActiveCfg = Debug|x64
		{49B88FFA-F02C-4709-BA65-9F8996444ECD}.Debug|x64.Build.0 = Debug|x64
		{49B88FFA-F02C-4709-BA65-9F8996444ECD}.Debug|x86.ActiveCfg = Debug|Any CPU
		{49B88FFA-F02C-4709-BA65-9F8996444ECD}.Debug|x86.Build.0 = Debug|Any CPU
		{49B88FFA-F02C-4709-BA65-9F8996444ECD}.Release|x64.ActiveCfg = Release|x64
		{49B88FFA-F02C-4709-BA65-9F8996444ECD}.Release|x64.Build.0 = Release|x64
		{49B88FFA-F02C-4709-BA65-9F8996444ECD}.Release|x86.ActiveCfg = Release|Any CPU
		{49B88FFA-F02C-4709-BA65-9F8996444ECD}.Release|x86.Build.0 = Release|Any CPU
		{E51B54E4-7566-4BAF-BCCA-0CC87B60F8AF}.Debug|x64.ActiveCfg = Debug|x64
		{E51B54E4-7566-4BAF-BCCA-0CC87B60F8AF}.Debug|x64.Build.0 = Debug|x64
		{E51B54E4-7566-4BAF-BCCA-0CC87B60F8AF}.Debug|x86.ActiveCfg = Debug|Win32
		{E51B54E4-7566-4BAF-BCCA-0CC87B60F8AF}.Debug|x86.Build.0 = Debug|Win32
		{E51B54E4-7566-4BAF-BCCA-0CC87B60F8AF}.Release|x64.ActiveCfg = Release|x64
		{E51B54E4-7566-4BAF-BCCA-0CC87B60F8AF}.Release|x64.Build.0 = Release|x64
		{E51B54E4-7566-4BAF-BCCA-0CC87B60F8AF}.Release|x86.ActiveCfg = Release|Win32
		{E51B54E4-7566-4BAF-BCCA-0CC87B60F8AF}.Release|x86.Build.0 = Release|Win32
		{1F3DC854-44AE-4AC3-A38B-C9818149AEA7}.Debug|x64.ActiveCfg = Debug|x64
		{1F3DC854-44AE-4AC3-A38B-C9818149AEA7}.Debug|x64.Build.0 = Debug|x64
		{1F3DC854-44AE-4AC3-A38B-C9818149AEA7}.Debug|x86.ActiveCfg = Debug|Win32
		{1F3DC854-44AE-4AC3-A38B-C9818149AEA7}.Debug|x86.Build.0 = Debug|Win32
		{1F3DC854-44AE-4AC3-A38B-C9818149AEA7}.Release|x64.ActiveCfg = Release|x64
		{1F3DC854-44AE-4AC3-A38B-C9818149AEA7}.Release|x64.Build.0 = Release|x64
		{1F3DC854-44AE-4AC3-A38B-C9818149AEA7}.Release|x86.ActiveCfg = Release|Win32
		{1F3DC854-44AE-4AC3-A38B-C9818149AEA7}.Release|x86.Build.0 = Release|Win32
		{F5627A09-BB7F-4CEB-B178-66762F92773A}.Debug|x64.ActiveCfg = DebugStatic|x64
		{F5627A09-BB7F-4CEB-B178-66762F92773A}.Debug|x64.Build.0 = DebugStatic|x64
		{F5627A09-BB7F-4CEB-B178-66762F92773A}.Debug|x86.ActiveCfg = Debug|Win32
		{F5627A09-BB7F-4CEB-B178-66762F92773A}.Debug|x86.Build.0 = Debug|Win32
		{F5627A09-BB7F-4CEB-B178-66762F92773A}.Release|x64.ActiveCfg = ReleaseStatic|x64
		{F5627A09-BB7F-4CEB-B178-66762F92773A}.Release|x64.Build.0 = ReleaseStatic|x64
		{F5627A09-BB7F-4CEB-B178-66762F92773A}.Release|x86.ActiveCfg = Release|Win32
		{F5627A09-BB7F-4CEB-B178-66762F92773A}.Release|x86.Build.0 = Release|Win32
		{E0B52AE7-E160-4D32-BF3F-910B785E5A8E}.Debug|x64.ActiveCfg = Debug|x64
		{E0B52AE7-E160-4D32-BF3F-910B785E5A8E}.Debug|x64.Build.0 = Debug|x64
		{E0B52AE7-E160-4D32-BF3F-910B785E5A8E}.Debug|x86.ActiveCfg = Debug|Win32
		{E0B52AE7-E160-4D32-BF3F-910B785E5A8E}.Debug|x86.Build.0 = Debug|Win32
		{E0B52AE7-E160-4D32-BF3F-910B785E5A8E}.Release|x64.ActiveCfg = Release|x64
		{E0B52AE7-E160-4D32-BF3F-910B785E5A8E}.Release|x64.Build.0 = Release|x64
		{E0B52AE7-E160-4D32-BF3F-910B785E5A8E}.Release|x86.ActiveCfg = Release|Win32
		{E0B52AE7-E160-4D32-BF3F-910B785E5A8E}.Release|x86.Build.0 = Release|Win32
	EndGlobalSection
	GlobalSection(SolutionProperties) = preSolution
		HideSolutionNode = FALSE
	EndGlobalSection
	GlobalSection(NestedProjects) = preSolution
		{7E3AA4A7-856D-4211-9FA0-3292037CB11E} = {22B36AD7-785B-4BB1-9385-ED8BBE552C2A}
		{F9B352B3-B642-4E3F-9CFF-EA2FC8CB5B12} = {22B36AD7-785B-4BB1-9385-ED8BBE552C2A}
		{9CC3FFCB-6834-43BA-A3C5-8F4C8BED8363} = {22B36AD7-785B-4BB1-9385-ED8BBE552C2A}
		{EE88B3F5-85E0-459C-84F4-920345EE8C90} = {22B36AD7-785B-4BB1-9385-ED8BBE552C2A}
		{2FD30540-E375-4955-AD49-38C10B3EBCF1} = {489E7472-461A-48FD-8FDC-0F8E78D405A6}
		{046D5CD7-AE51-4B52-9127-C832596DC102} = {489E7472-461A-48FD-8FDC-0F8E78D405A6}
		{293012FF-C975-4714-9C97-7D4BDD5B8A0A} = {FB37D3D9-1542-4AD6-B3E5-E8F594DB585F}
		{C744BD74-27D4-4E59-83C8-DAF16B9CB7E1} = {6688B067-1BE1-4908-9901-54A9CBFF7FC1}
		{49B88FFA-F02C-4709-BA65-9F8996444ECD} = {6688B067-1BE1-4908-9901-54A9CBFF7FC1}
		{E51B54E4-7566-4BAF-BCCA-0CC87B60F8AF} = {FB37D3D9-1542-4AD6-B3E5-E8F594DB585F}
		{1F3DC854-44AE-4AC3-A38B-C9818149AEA7} = {04FC9FBB-8638-403F-8D1A-7B194833BF0E}
		{F5627A09-BB7F-4CEB-B178-66762F92773A} = {04FC9FBB-8638-403F-8D1A-7B194833BF0E}
		{E0B52AE7-E160-4D32-BF3F-910B785E5A8E} = {04FC9FBB-8638-403F-8D1A-7B194833BF0E}
	EndGlobalSection
	GlobalSection(ExtensibilityGlobals) = postSolution
		SolutionGuid = {7E72745E-E1DE-4D23-BEFB-B1253988DA3A}
	EndGlobalSection
EndGlobal
